<?xml version="1.0" encoding="utf-8"?>
<Project ToolsVersion="4.0" xmlns="http://schemas.microsoft.com/developer/msbuild/2003">
  <ItemGroup>
    <Filter Include="Source Files">
      <UniqueIdentifier>{56e89d42-b202-4d1d-8e79-46a91fa2d3e6}</UniqueIdentifier>
      <Extensions>cpp;c;cxx;rc;def;r;odl;idl;hpj;bat</Extensions>
    </Filter>
    <Filter Include="Header Files">
      <UniqueIdentifier>{801846f5-eb2e-4af2-93a9-b9b134887449}</UniqueIdentifier>
      <Extensions>h;hpp;hxx;hm;inl</Extensions>
    </Filter>
    <Filter Include="Resource Files">
      <UniqueIdentifier>{130b510c-0c8b-4baf-ab8d-7caf1c0389dc}</UniqueIdentifier>
      <Extensions>ico;cur;bmp;dlg;rc2;rct;bin;cnt;rtf;gif;jpg;jpeg;jpe</Extensions>
    </Filter>
    <Filter Include="CUDA Source Files">
      <UniqueIdentifier>{79a7c468-2db8-43f7-ae3c-4628f72c8d4f}</UniqueIdentifier>
      <Extensions>cu</Extensions>
    </Filter>
    <Filter Include="CUDA Header Files">
      <UniqueIdentifier>{82f612cd-d483-4e47-88e7-3f5b043ab554}</UniqueIdentifier>
      <Extensions>cuh</Extensions>
    </Filter>
  </ItemGroup>
  <ItemGroup>
    <ClCompile Include="src\ChildFrm.cpp">
      <Filter>Source Files</Filter>
    </ClCompile>
    <ClCompile Include="src\Cone.cpp">
      <Filter>Source Files</Filter>
    </ClCompile>
    <ClCompile Include="src\Cube.cpp">
      <Filter>Source Files</Filter>
    </ClCompile>
    <ClCompile Include="src\cylinder.cpp">
      <Filter>Source Files</Filter>
    </ClCompile>
    <ClCompile Include="src\DlgMaterial.cpp">
      <Filter>Source Files</Filter>
    </ClCompile>
    <ClCompile Include="src\DlgMatrix.cpp">
      <Filter>Source Files</Filter>
    </ClCompile>
    <ClCompile Include="src\DlgPolygon.cpp">
      <Filter>Source Files</Filter>
    </ClCompile>
    <ClCompile Include="src\DlgTorus.cpp">
      <Filter>Source Files</Filter>
    </ClCompile>
    <ClCompile Include="src\expand.cpp">
      <Filter>Source Files</Filter>
    </ClCompile>
    <ClCompile Include="src\gathering.cpp">
      <Filter>Source Files</Filter>
    </ClCompile>
    <ClCompile Include="src\Geometry.cpp">
      <Filter>Source Files</Filter>
    </ClCompile>
    <ClCompile Include="src\MainFrm.cpp">
      <Filter>Source Files</Filter>
    </ClCompile>
    <ClCompile Include="src\minus.cpp">
      <Filter>Source Files</Filter>
    </ClCompile>
    <ClCompile Include="src\move.cpp">
      <Filter>Source Files</Filter>
    </ClCompile>
    <ClCompile Include="src\multiple.cpp">
      <Filter>Source Files</Filter>
    </ClCompile>
    <ClCompile Include="src\node.cpp">
      <Filter>Source Files</Filter>
    </ClCompile>
    <ClCompile Include="src\NodeTreeCtrl.cpp">
      <Filter>Source Files</Filter>
    </ClCompile>
    <ClCompile Include="src\plane.cpp">
      <Filter>Source Files</Filter>
    </ClCompile>
    <ClCompile Include="src\plus.cpp">
      <Filter>Source Files</Filter>
    </ClCompile>
    <ClCompile Include="src\polygon2.cpp">
      <Filter>Source Files</Filter>
    </ClCompile>
    <ClCompile Include="src\povray.cpp">
      <Filter>Source Files</Filter>
    </ClCompile>
    <ClCompile Include="src\RayTrace.cpp">
      <Filter>Source Files</Filter>
    </ClCompile>
    <ClCompile Include="src\RayTraceDoc.cpp">
      <Filter>Source Files</Filter>
    </ClCompile>
    <ClCompile Include="src\RayTraceView.cpp">
      <Filter>Source Files</Filter>
    </ClCompile>
    <ClCompile Include="src\rotate.cpp">
      <Filter>Source Files</Filter>
    </ClCompile>
    <ClCompile Include="src\rotate_x.cpp">
      <Filter>Source Files</Filter>
    </ClCompile>
    <ClCompile Include="src\rotate_y.cpp">
      <Filter>Source Files</Filter>
    </ClCompile>
    <ClCompile Include="src\rotate_z.cpp">
      <Filter>Source Files</Filter>
    </ClCompile>
    <ClCompile Include="src\ScnTreeView.cpp">
      <Filter>Source Files</Filter>
    </ClCompile>
    <ClCompile Include="src\sphere.cpp">
      <Filter>Source Files</Filter>
    </ClCompile>
    <ClCompile Include="src\StdAfx.cpp">
      <Filter>Source Files</Filter>
    </ClCompile>
    <ClCompile Include="src\teapot.cpp">
      <Filter>Source Files</Filter>
    </ClCompile>
    <ClCompile Include="src\Torus.cpp">
      <Filter>Source Files</Filter>
    </ClCompile>
    <ClCompile Include="src\Viewport.cpp">
      <Filter>Source Files</Filter>
    </ClCompile>
    <ClCompile Include="src\GetVectorFromPoint.cpp">
      <Filter>Source Files</Filter>
    </ClCompile>
    <ClCompile Include="src\NurbsPlane.cpp">
      <Filter>Source Files</Filter>
    </ClCompile>
    <ClCompile Include="src\NurbsPrimitive.cpp">
      <Filter>Source Files</Filter>
    </ClCompile>
    <ClCompile Include="src\Point.cpp">
      <Filter>Source Files</Filter>
    </ClCompile>
    <ClCompile Include="src\Selectable.cpp">
      <Filter>Source Files</Filter>
    </ClCompile>
  </ItemGroup>
  <ItemGroup>
    <ClInclude Include="src\camera.h">
      <Filter>Header Files</Filter>
    </ClInclude>
    <ClInclude Include="src\ChildFrm.h">
      <Filter>Header Files</Filter>
    </ClInclude>
    <ClInclude Include="src\cone.h">
      <Filter>Header Files</Filter>
    </ClInclude>
    <ClInclude Include="src\cube.h">
      <Filter>Header Files</Filter>
    </ClInclude>
    <ClInclude Include="src\cylinder.h">
      <Filter>Header Files</Filter>
    </ClInclude>
    <ClInclude Include="src\DlgMaterial.h">
      <Filter>Header Files</Filter>
    </ClInclude>
    <ClInclude Include="src\DlgMatrix.h">
      <Filter>Header Files</Filter>
    </ClInclude>
    <ClInclude Include="src\DlgPolygon.h">
      <Filter>Header Files</Filter>
    </ClInclude>
    <ClInclude Include="src\DlgTorus.h">
      <Filter>Header Files</Filter>
    </ClInclude>
    <ClInclude Include="src\expand.h">
      <Filter>Header Files</Filter>
    </ClInclude>
    <ClInclude Include="src\Frame.h">
      <Filter>Header Files</Filter>
    </ClInclude>
    <ClInclude Include="src\gathering.h">
      <Filter>Header Files</Filter>
    </ClInclude>
    <ClInclude Include="src\Geometry.h">
      <Filter>Header Files</Filter>
    </ClInclude>
    <ClInclude Include="src\head.h">
      <Filter>Header Files</Filter>
    </ClInclude>
    <ClInclude Include="src\info.h">
      <Filter>Header Files</Filter>
    </ClInclude>
    <ClInclude Include="src\MainFrm.h">
      <Filter>Header Files</Filter>
    </ClInclude>
    <ClInclude Include="src\minus.h">
      <Filter>Header Files</Filter>
    </ClInclude>
    <ClInclude Include="src\move.h">
      <Filter>Header Files</Filter>
    </ClInclude>
    <ClInclude Include="src\multiple.h">
      <Filter>Header Files</Filter>
    </ClInclude>
    <ClInclude Include="src\node.h">
      <Filter>Header Files</Filter>
    </ClInclude>
    <ClInclude Include="src\NodeTreeCtrl.h">
      <Filter>Header Files</Filter>
    </ClInclude>
    <ClInclude Include="src\plane.h">
      <Filter>Header Files</Filter>
    </ClInclude>
    <ClInclude Include="src\plus.h">
      <Filter>Header Files</Filter>
    </ClInclude>
    <ClInclude Include="src\Polygon2.h">
      <Filter>Header Files</Filter>
    </ClInclude>
    <ClInclude Include="src\polysolv.h">
      <Filter>Header Files</Filter>
    </ClInclude>
    <ClInclude Include="src\povray.h">
      <Filter>Header Files</Filter>
    </ClInclude>
    <ClInclude Include="src\RayTrace.h">
      <Filter>Header Files</Filter>
    </ClInclude>
    <ClInclude Include="src\RayTraceDoc.h">
      <Filter>Header Files</Filter>
    </ClInclude>
    <ClInclude Include="src\RayTraceView.h">
      <Filter>Header Files</Filter>
    </ClInclude>
    <ClInclude Include="src\rotate.h">
      <Filter>Header Files</Filter>
    </ClInclude>
    <ClInclude Include="src\rotate_x.h">
      <Filter>Header Files</Filter>
    </ClInclude>
    <ClInclude Include="src\rotate_y.h">
      <Filter>Header Files</Filter>
    </ClInclude>
    <ClInclude Include="src\rotate_z.h">
      <Filter>Header Files</Filter>
    </ClInclude>
    <ClInclude Include="src\ScnTreeView.h">
      <Filter>Header Files</Filter>
    </ClInclude>
    <ClInclude Include="src\sphere.h">
      <Filter>Header Files</Filter>
    </ClInclude>
    <ClInclude Include="src\StdAfx.h">
      <Filter>Header Files</Filter>
    </ClInclude>
    <ClInclude Include="src\teapot.h">
      <Filter>Header Files</Filter>
    </ClInclude>
    <ClInclude Include="src\Torus.h">
      <Filter>Header Files</Filter>
    </ClInclude>
    <ClInclude Include="src\vector.h">
      <Filter>Header Files</Filter>
    </ClInclude>
    <ClInclude Include="src\Viewport.h">
      <Filter>Header Files</Filter>
    </ClInclude>
    <ClInclude Include="resource.h">
      <Filter>Header Files</Filter>
    </ClInclude>
    <ClInclude Include="src\GetVectorFromPoint.h">
      <Filter>Header Files</Filter>
    </ClInclude>
    <ClInclude Include="src\DoCuda.h">
      <Filter>CUDA Header Files</Filter>
    </ClInclude>
    <ClInclude Include="src\Node.cuh">
      <Filter>CUDA Header Files</Filter>
    </ClInclude>
    <ClInclude Include="src\Info.cuh">
      <Filter>CUDA Header Files</Filter>
    </ClInclude>
    <ClInclude Include="src\Sp.cuh">
      <Filter>CUDA Header Files</Filter>
    </ClInclude>
    <ClInclude Include="src\Matrix.cuh">
      <Filter>CUDA Header Files</Filter>
    </ClInclude>
    <ClInclude Include="src\GetVectorFromPoint.cuh">
      <Filter>CUDA Header Files</Filter>
    </ClInclude>
    <ClInclude Include="src\gathering.cuh">
      <Filter>CUDA Header Files</Filter>
    </ClInclude>
    <ClInclude Include="src\Sphere.cuh">
      <Filter>CUDA Header Files</Filter>
    </ClInclude>
    <ClInclude Include="src\node_type.h">
      <Filter>Header Files</Filter>
    </ClInclude>
    <ClInclude Include="src\Cone.cuh">
      <Filter>CUDA Header Files</Filter>
    </ClInclude>
    <ClInclude Include="src\Cube.cuh">
      <Filter>CUDA Header Files</Filter>
    </ClInclude>
    <ClInclude Include="src\Cylinder.cuh">
      <Filter>CUDA Header Files</Filter>
    </ClInclude>
    <ClInclude Include="src\Minus.cuh">
      <Filter>CUDA Header Files</Filter>
    </ClInclude>
    <ClInclude Include="src\Multiple.cuh">
      <Filter>CUDA Header Files</Filter>
    </ClInclude>
    <ClInclude Include="src\Plane.cuh">
      <Filter>CUDA Header Files</Filter>
    </ClInclude>
    <ClInclude Include="src\Plus.cuh">
      <Filter>CUDA Header Files</Filter>
    </ClInclude>
    <ClInclude Include="src\Polygon2.cuh">
      <Filter>CUDA Header Files</Filter>
    </ClInclude>
    <ClInclude Include="src\Teapot.cuh">
      <Filter>CUDA Header Files</Filter>
    </ClInclude>
    <ClInclude Include="src\Torus.cuh">
      <Filter>CUDA Header Files</Filter>
    </ClInclude>
    <ClInclude Include="src\Solve_Polynomial.cuh">
      <Filter>CUDA Header Files</Filter>
    </ClInclude>
    <ClInclude Include="src\NurbsPlane.h">
      <Filter>Header Files</Filter>
    </ClInclude>
    <ClInclude Include="src\NurbsPrimitive.h">
      <Filter>Header Files</Filter>
    </ClInclude>
    <ClInclude Include="src\NurbsPrimitive.cuh">
      <Filter>CUDA Header Files</Filter>
    </ClInclude>
    <ClInclude Include="src\Point.h">
      <Filter>Header Files</Filter>
    </ClInclude>
    <ClInclude Include="src\Selectable.h">
      <Filter>Header Files</Filter>
    </ClInclude>
  </ItemGroup>
  <ItemGroup>
    <Image Include="res\bitmap_n.bmp">
      <Filter>Resource Files</Filter>
    </Image>
    <Image Include="res\bitmap_s.bmp">
      <Filter>Resource Files</Filter>
    </Image>
    <Image Include="res\RayTrace.ico">
      <Filter>Resource Files</Filter>
    </Image>
    <Image Include="res\RayTraceDoc.ico">
      <Filter>Resource Files</Filter>
    </Image>
    <Image Include="res\Toolbar.bmp">
      <Filter>Resource Files</Filter>
    </Image>
    <Image Include="青いﾚｰｽ編み 16.bmp">
      <Filter>Resource Files</Filter>
    </Image>
  </ItemGroup>
  <ItemGroup>
    <None Include="RES\cursor1.cur">
      <Filter>Resource Files</Filter>
    </None>
    <None Include="res\RayTrace.rc2">
      <Filter>Resource Files</Filter>
    </None>
    <None Include="RayTrace.reg" />
  </ItemGroup>
  <ItemGroup>
    <ResourceCompile Include="RayTrace.rc">
      <Filter>Resource Files</Filter>
    </ResourceCompile>
  </ItemGroup>
  <ItemGroup>
    <Text Include="ReadMe.txt" />
    <Text Include="ToDo.txt" />
  </ItemGroup>
  <ItemGroup>
    <CudaCompile Include="src\DoCuda.cu">
      <Filter>CUDA Source Files</Filter>
    </CudaCompile>
    <CudaCompile Include="src\Node.cu">
      <Filter>CUDA Source Files</Filter>
    </CudaCompile>
    <CudaCompile Include="src\Matrix.cu">
      <Filter>CUDA Source Files</Filter>
    </CudaCompile>
    <CudaCompile Include="src\Sp.cu">
      <Filter>CUDA Source Files</Filter>
    </CudaCompile>
    <CudaCompile Include="src\GetVectorFromPoint.cu">
      <Filter>CUDA Source Files</Filter>
    </CudaCompile>
    <CudaCompile Include="src\Sphere.cu">
      <Filter>CUDA Source Files</Filter>
    </CudaCompile>
    <CudaCompile Include="src\Cone.cu">
      <Filter>CUDA Source Files</Filter>
    </CudaCompile>
    <CudaCompile Include="src\Cube.cu">
      <Filter>CUDA Source Files</Filter>
    </CudaCompile>
    <CudaCompile Include="src\Cylinder.cu">
      <Filter>CUDA Source Files</Filter>
    </CudaCompile>
    <CudaCompile Include="src\Plane.cu">
      <Filter>CUDA Source Files</Filter>
    </CudaCompile>
    <CudaCompile Include="src\Plus.cu">
      <Filter>CUDA Source Files</Filter>
    </CudaCompile>
    <CudaCompile Include="src\Gathering.cu">
      <Filter>CUDA Source Files</Filter>
    </CudaCompile>
    <CudaCompile Include="src\Minus.cu">
      <Filter>CUDA Source Files</Filter>
    </CudaCompile>
    <CudaCompile Include="src\Multiple.cu">
      <Filter>CUDA Source Files</Filter>
    </CudaCompile>
    <CudaCompile Include="src\Polygon2.cu">
      <Filter>CUDA Source Files</Filter>
    </CudaCompile>
    <CudaCompile Include="src\Teapot.cu">
      <Filter>CUDA Source Files</Filter>
    </CudaCompile>
    <CudaCompile Include="src\Torus.cu">
      <Filter>CUDA Source Files</Filter>
    </CudaCompile>
    <CudaCompile Include="src\Solve_Polynomial.cu">
      <Filter>CUDA Source Files</Filter>
    </CudaCompile>
    <CudaCompile Include="src\NurbsPrimitive.cu">
      <Filter>CUDA Source Files</Filter>
    </CudaCompile>
  </ItemGroup>
</Project>